
Microsoft Visual Studio Solution File, Format Version 12.00
# Visual Studio Version 16
VisualStudioVersion = 16.0.31911.196
MinimumVisualStudioVersion = 10.0.40219.1
Project("{8BC9CEB8-8B4A-11D0-8D11-00A0C91BC942}") = "Day04", "Day04\Day04.vcxproj", "{2234DC54-C867-480E-94A1-5EB579978FFE}"
EndProject
Global
	GlobalSection(SolutionConfigurationPlatforms) = preSolution
		Debug|x64 = Debug|x64
		Debug|x86 = Debug|x86
		Release|x64 = Release|x64
		Release|x86 = Release|x86
	EndGlobalSection
	GlobalSection(ProjectConfigurationPlatforms) = postSolution
		{2234DC54-C867-480E-94A1-5EB579978FFE}.Debug|x64.ActiveCfg = Debug|x64
		{2234DC54-C867-480E-94A1-5EB579978FFE}.Debug|x64.Build.0 = Debug|x64
		{2234DC54-C867-480E-94A1-5EB579978FFE}.Debug|x86.ActiveCfg = Debug|Win32
		{2234DC54-C867-480E-94A1-5EB579978FFE}.Debug|x86.Build.0 = Debug|Win32
		{2234DC54-C867-480E-94A1-5EB579978FFE}.Release|x64.ActiveCfg = Release|x64
		{2234DC54-C867-480E-94A1-5EB579978FFE}.Release|x64.Build.0 = Release|x64
		{2234DC54-C867-480E-94A1-5EB579978FFE}.Release|x86.ActiveCfg = Release|Win32
		{2234DC54-C867-480E-94A1-5EB579978FFE}.Release|x86.Build.0 = Release|Win32
	EndGlobalSection
	GlobalSection(SolutionProperties) = preSolution
		HideSolutionNode = FALSE
	EndGlobalSection
	GlobalSection(ExtensibilityGlobals) = postSolution
		SolutionGuid = {EBF8C41E-13A2-4EEC-9A03-F409A7473EEC}
	EndGlobalSection
EndGlobal
